
Microsoft Visual Studio Solution File, Format Version 12.00
# Visual Studio Version 16
VisualStudioVersion = 16.0.29519.87
MinimumVisualStudioVersion = 10.0.40219.1
Project("{9A19103F-16F7-4668-BE54-9A1E7A4F7556}") = "BlazorApp", "BlazorApp\BlazorApp.csproj", "{555A7C72-5A37-4759-A169-3859187D6D79}"
EndProject
Project("{9A19103F-16F7-4668-BE54-9A1E7A4F7556}") = "ParkingService", "ParkingService\ParkingService.csproj", "{CBE69436-6CA0-4EE5-8497-06AF9C382E7E}"
EndProject
Project("{9A19103F-16F7-4668-BE54-9A1E7A4F7556}") = "ParkingData", "ParkingData\ParkingData.csproj", "{01EF6851-6B43-4F73-8488-B0A60F032B01}"
EndProject
Global
	GlobalSection(SolutionConfigurationPlatforms) = preSolution
		Debug|Any CPU = Debug|Any CPU
		Release|Any CPU = Release|Any CPU
	EndGlobalSection
	GlobalSection(ProjectConfigurationPlatforms) = postSolution
		{555A7C72-5A37-4759-A169-3859187D6D79}.Debug|Any CPU.ActiveCfg = Debug|Any CPU
		{555A7C72-5A37-4759-A169-3859187D6D79}.Debug|Any CPU.Build.0 = Debug|Any CPU
		{555A7C72-5A37-4759-A169-3859187D6D79}.Release|Any CPU.ActiveCfg = Release|Any CPU
		{555A7C72-5A37-4759-A169-3859187D6D79}.Release|Any CPU.Build.0 = Release|Any CPU
		{CBE69436-6CA0-4EE5-8497-06AF9C382E7E}.Debug|Any CPU.ActiveCfg = Debug|Any CPU
		{CBE69436-6CA0-4EE5-8497-06AF9C382E7E}.Debug|Any CPU.Build.0 = Debug|Any CPU
		{CBE69436-6CA0-4EE5-8497-06AF9C382E7E}.Release|Any CPU.ActiveCfg = Release|Any CPU
		{CBE69436-6CA0-4EE5-8497-06AF9C382E7E}.Release|Any CPU.Build.0 = Release|Any CPU
		{01EF6851-6B43-4F73-8488-B0A60F032B01}.Debug|Any CPU.ActiveCfg = Debug|Any CPU
		{01EF6851-6B43-4F73-8488-B0A60F032B01}.Debug|Any CPU.Build.0 = Debug|Any CPU
		{01EF6851-6B43-4F73-8488-B0A60F032B01}.Release|Any CPU.ActiveCfg = Release|Any CPU
		{01EF6851-6B43-4F73-8488-B0A60F032B01}.Release|Any CPU.Build.0 = Release|Any CPU
	EndGlobalSection
	GlobalSection(SolutionProperties) = preSolution
		HideSolutionNode = FALSE
	EndGlobalSection
	GlobalSection(ExtensibilityGlobals) = postSolution
		SolutionGuid = {02DC8E4A-5DFD-4AA1-8017-5D18398D7D3F}
	EndGlobalSection
EndGlobal
